// !$*UTF8*$!
{
	archiveVersion = 1;
	classes = {
	};
	objectVersion = 55;
	objects = {

/* Begin PBXBuildFile section */
		50164778296768240060A144 /* ORSSerial.framework in Frameworks */ = {isa = PBXBuildFile; fileRef = 50CF0C0C28E6DA230051E185 /* ORSSerial.framework */; };
		50164779296768240060A144 /* ORSSerial.framework in Embed Frameworks */ = {isa = PBXBuildFile; fileRef = 50CF0C0C28E6DA230051E185 /* ORSSerial.framework */; settings = {ATTRIBUTES = (CodeSignOnCopy, RemoveHeadersOnCopy, ); }; };
		50CF0BFC28E6D9080051E185 /* Assets.xcassets in Resources */ = {isa = PBXBuildFile; fileRef = 50CF0BFB28E6D9080051E185 /* Assets.xcassets */; };
		50CF0BFF28E6D9080051E185 /* Preview Assets.xcassets in Resources */ = {isa = PBXBuildFile; fileRef = 50CF0BFE28E6D9080051E185 /* Preview Assets.xcassets */; };
		50CF0C2C28E6DB830051E185 /* SettingsView.swift in Sources */ = {isa = PBXBuildFile; fileRef = 50CF0C2828E6DB830051E185 /* SettingsView.swift */; };
		50CF0C2D28E6DB830051E185 /* PresetButton.swift in Sources */ = {isa = PBXBuildFile; fileRef = 50CF0C2928E6DB830051E185 /* PresetButton.swift */; };
		50CF0C2E28E6DB830051E185 /* ContentView.swift in Sources */ = {isa = PBXBuildFile; fileRef = 50CF0C2A28E6DB830051E185 /* ContentView.swift */; };
		50CF0C2F28E6DB830051E185 /* ArrowButton.swift in Sources */ = {isa = PBXBuildFile; fileRef = 50CF0C2B28E6DB830051E185 /* ArrowButton.swift */; };
		50CF0C3328E6DBE80051E185 /* Desk.swift in Sources */ = {isa = PBXBuildFile; fileRef = 50CF0C3228E6DBE80051E185 /* Desk.swift */; };
		50CF0C3728E6DBF70051E185 /* SchreibtischApp.swift in Sources */ = {isa = PBXBuildFile; fileRef = 50CF0C3628E6DBF70051E185 /* SchreibtischApp.swift */; };
		50CF0C3928E6DC130051E185 /* SerialHandler.swift in Sources */ = {isa = PBXBuildFile; fileRef = 50CF0C3828E6DC130051E185 /* SerialHandler.swift */; };
		50CF0C3B28E6DD610051E185 /* Info.plist in Resources */ = {isa = PBXBuildFile; fileRef = 50CF0C3A28E6DD610051E185 /* Info.plist */; };
/* End PBXBuildFile section */

/* Begin PBXContainerItemProxy section */
		50CF0C0B28E6DA230051E185 /* PBXContainerItemProxy */ = {
			isa = PBXContainerItemProxy;
			containerPortal = 50CF0C0628E6DA230051E185 /* ORSSerialPort.xcodeproj */;
			proxyType = 2;
			remoteGlobalIDString = 9DCA89121A2BB106009285EB;
			remoteInfo = ORSSerial;
		};
		50CF0C0D28E6DA230051E185 /* PBXContainerItemProxy */ = {
			isa = PBXContainerItemProxy;
			containerPortal = 50CF0C0628E6DA230051E185 /* ORSSerialPort.xcodeproj */;
			proxyType = 2;
			remoteGlobalIDString = 9D7472131B6D7767002D8B10;
			remoteInfo = "ORSSerialPort Tests";
		};
/* End PBXContainerItemProxy section */

/* Begin PBXCopyFilesBuildPhase section */
		5016477A296768240060A144 /* Embed Frameworks */ = {
			isa = PBXCopyFilesBuildPhase;
			buildActionMask = 2147483647;
			dstPath = "";
			dstSubfolderSpec = 10;
			files = (
				50164779296768240060A144 /* ORSSerial.framework in Embed Frameworks */,
			);
			name = "Embed Frameworks";
			runOnlyForDeploymentPostprocessing = 0;
		};
/* End PBXCopyFilesBuildPhase section */

/* Begin PBXFileReference section */
		50CF0BF428E6D9070051E185 /* Schreibtisch.app */ = {isa = PBXFileReference; explicitFileType = wrapper.application; includeInIndex = 0; path = Schreibtisch.app; sourceTree = BUILT_PRODUCTS_DIR; };
		50CF0BFB28E6D9080051E185 /* Assets.xcassets */ = {isa = PBXFileReference; lastKnownFileType = folder.assetcatalog; path = Assets.xcassets; sourceTree = "<group>"; };
		50CF0BFE28E6D9080051E185 /* Preview Assets.xcassets */ = {isa = PBXFileReference; lastKnownFileType = folder.assetcatalog; path = "Preview Assets.xcassets"; sourceTree = "<group>"; };
		50CF0C0028E6D9080051E185 /* Schreibtisch.entitlements */ = {isa = PBXFileReference; lastKnownFileType = text.plist.entitlements; path = Schreibtisch.entitlements; sourceTree = "<group>"; };
		50CF0C0628E6DA230051E185 /* ORSSerialPort.xcodeproj */ = {isa = PBXFileReference; lastKnownFileType = "wrapper.pb-project"; name = ORSSerialPort.xcodeproj; path = "Frameworks/ORSSerialPort/Framework Project/ORSSerialPort.xcodeproj"; sourceTree = "<group>"; };
		50CF0C2828E6DB830051E185 /* SettingsView.swift */ = {isa = PBXFileReference; fileEncoding = 4; lastKnownFileType = sourcecode.swift; path = SettingsView.swift; sourceTree = "<group>"; };
		50CF0C2928E6DB830051E185 /* PresetButton.swift */ = {isa = PBXFileReference; fileEncoding = 4; lastKnownFileType = sourcecode.swift; path = PresetButton.swift; sourceTree = "<group>"; };
		50CF0C2A28E6DB830051E185 /* ContentView.swift */ = {isa = PBXFileReference; fileEncoding = 4; lastKnownFileType = sourcecode.swift; path = ContentView.swift; sourceTree = "<group>"; };
		50CF0C2B28E6DB830051E185 /* ArrowButton.swift */ = {isa = PBXFileReference; fileEncoding = 4; lastKnownFileType = sourcecode.swift; path = ArrowButton.swift; sourceTree = "<group>"; };
		50CF0C3228E6DBE80051E185 /* Desk.swift */ = {isa = PBXFileReference; fileEncoding = 4; lastKnownFileType = sourcecode.swift; name = Desk.swift; path = Schreibtisch/Desk.swift; sourceTree = SOURCE_ROOT; };
		50CF0C3628E6DBF70051E185 /* SchreibtischApp.swift */ = {isa = PBXFileReference; fileEncoding = 4; lastKnownFileType = sourcecode.swift; path = SchreibtischApp.swift; sourceTree = "<group>"; };
		50CF0C3828E6DC130051E185 /* SerialHandler.swift */ = {isa = PBXFileReference; fileEncoding = 4; lastKnownFileType = sourcecode.swift; path = SerialHandler.swift; sourceTree = "<group>"; };
		50CF0C3A28E6DD610051E185 /* Info.plist */ = {isa = PBXFileReference; fileEncoding = 4; lastKnownFileType = text.plist.xml; path = Info.plist; sourceTree = "<group>"; };
/* End PBXFileReference section */

/* Begin PBXFrameworksBuildPhase section */
		50CF0BF128E6D9060051E185 /* Frameworks */ = {
			isa = PBXFrameworksBuildPhase;
			buildActionMask = 2147483647;
			files = (
				50164778296768240060A144 /* ORSSerial.framework in Frameworks */,
			);
			runOnlyForDeploymentPostprocessing = 0;
		};
/* End PBXFrameworksBuildPhase section */

/* Begin PBXGroup section */
		50CF0BEB28E6D9060051E185 = {
			isa = PBXGroup;
			children = (
				50CF0C0628E6DA230051E185 /* ORSSerialPort.xcodeproj */,
				50CF0BF628E6D9070051E185 /* Schreibtisch */,
				50CF0BF528E6D9070051E185 /* Products */,
				50CF0C1128E6DA520051E185 /* Frameworks */,
			);
			sourceTree = "<group>";
		};
		50CF0BF528E6D9070051E185 /* Products */ = {
			isa = PBXGroup;
			children = (
				50CF0BF428E6D9070051E185 /* Schreibtisch.app */,
			);
			name = Products;
			sourceTree = "<group>";
		};
		50CF0BF628E6D9070051E185 /* Schreibtisch */ = {
			isa = PBXGroup;
			children = (
				50CF0C2728E6DB5D0051E185 /* Views */,
				50CF0C3628E6DBF70051E185 /* SchreibtischApp.swift */,
				50CF0C3828E6DC130051E185 /* SerialHandler.swift */,
				50CF0C3228E6DBE80051E185 /* Desk.swift */,
				50CF0BFB28E6D9080051E185 /* Assets.xcassets */,
				50CF0C0028E6D9080051E185 /* Schreibtisch.entitlements */,
				50CF0C3A28E6DD610051E185 /* Info.plist */,
				50CF0BFD28E6D9080051E185 /* Preview Content */,
			);
			path = Schreibtisch;
			sourceTree = "<group>";
		};
		50CF0BFD28E6D9080051E185 /* Preview Content */ = {
			isa = PBXGroup;
			children = (
				50CF0BFE28E6D9080051E185 /* Preview Assets.xcassets */,
			);
			path = "Preview Content";
			sourceTree = "<group>";
		};
		50CF0C0728E6DA230051E185 /* Products */ = {
			isa = PBXGroup;
			children = (
				50CF0C0C28E6DA230051E185 /* ORSSerial.framework */,
				50CF0C0E28E6DA230051E185 /* ORSSerialPort Tests.xctest */,
			);
			name = Products;
			sourceTree = "<group>";
		};
		50CF0C1128E6DA520051E185 /* Frameworks */ = {
			isa = PBXGroup;
			children = (
			);
			name = Frameworks;
			sourceTree = "<group>";
		};
		50CF0C2728E6DB5D0051E185 /* Views */ = {
			isa = PBXGroup;
			children = (
				50CF0C2B28E6DB830051E185 /* ArrowButton.swift */,
				50CF0C2A28E6DB830051E185 /* ContentView.swift */,
				50CF0C2928E6DB830051E185 /* PresetButton.swift */,
				50CF0C2828E6DB830051E185 /* SettingsView.swift */,
			);
			path = Views;
			sourceTree = "<group>";
		};
/* End PBXGroup section */

/* Begin PBXNativeTarget section */
		50CF0BF328E6D9060051E185 /* Schreibtisch */ = {
			isa = PBXNativeTarget;
			buildConfigurationList = 50CF0C0328E6D9080051E185 /* Build configuration list for PBXNativeTarget "Schreibtisch" */;
			buildPhases = (
				50CF0BF028E6D9060051E185 /* Sources */,
				50CF0BF128E6D9060051E185 /* Frameworks */,
				50CF0BF228E6D9060051E185 /* Resources */,
				5016477A296768240060A144 /* Embed Frameworks */,
			);
			buildRules = (
			);
			dependencies = (
			);
			name = Schreibtisch;
			productName = Schreibtisch;
			productReference = 50CF0BF428E6D9070051E185 /* Schreibtisch.app */;
			productType = "com.apple.product-type.application";
		};
/* End PBXNativeTarget section */

/* Begin PBXProject section */
		50CF0BEC28E6D9060051E185 /* Project object */ = {
			isa = PBXProject;
			attributes = {
				BuildIndependentTargetsInParallel = 1;
				LastSwiftUpdateCheck = 1310;
				LastUpgradeCheck = 1310;
				TargetAttributes = {
					50CF0BF328E6D9060051E185 = {
						CreatedOnToolsVersion = 13.1;
					};
				};
			};
			buildConfigurationList = 50CF0BEF28E6D9060051E185 /* Build configuration list for PBXProject "Schreibtisch" */;
			compatibilityVersion = "Xcode 13.0";
			developmentRegion = en;
			hasScannedForEncodings = 0;
			knownRegions = (
				en,
				Base,
			);
			mainGroup = 50CF0BEB28E6D9060051E185;
			productRefGroup = 50CF0BF528E6D9070051E185 /* Products */;
			projectDirPath = "";
			projectReferences = (
				{
					ProductGroup = 50CF0C0728E6DA230051E185 /* Products */;
					ProjectRef = 50CF0C0628E6DA230051E185 /* ORSSerialPort.xcodeproj */;
				},
			);
			projectRoot = "";
			targets = (
				50CF0BF328E6D9060051E185 /* Schreibtisch */,
			);
		};
/* End PBXProject section */

/* Begin PBXReferenceProxy section */
		50CF0C0C28E6DA230051E185 /* ORSSerial.framework */ = {
			isa = PBXReferenceProxy;
			fileType = wrapper.framework;
			path = ORSSerial.framework;
			remoteRef = 50CF0C0B28E6DA230051E185 /* PBXContainerItemProxy */;
			sourceTree = BUILT_PRODUCTS_DIR;
		};
		50CF0C0E28E6DA230051E185 /* ORSSerialPort Tests.xctest */ = {
			isa = PBXReferenceProxy;
			fileType = wrapper.cfbundle;
			path = "ORSSerialPort Tests.xctest";
			remoteRef = 50CF0C0D28E6DA230051E185 /* PBXContainerItemProxy */;
			sourceTree = BUILT_PRODUCTS_DIR;
		};
/* End PBXReferenceProxy section */

/* Begin PBXResourcesBuildPhase section */
		50CF0BF228E6D9060051E185 /* Resources */ = {
			isa = PBXResourcesBuildPhase;
			buildActionMask = 2147483647;
			files = (
				50CF0C3B28E6DD610051E185 /* Info.plist in Resources */,
				50CF0BFF28E6D9080051E185 /* Preview Assets.xcassets in Resources */,
				50CF0BFC28E6D9080051E185 /* Assets.xcassets in Resources */,
			);
			runOnlyForDeploymentPostprocessing = 0;
		};
/* End PBXResourcesBuildPhase section */

/* Begin PBXSourcesBuildPhase section */
		50CF0BF028E6D9060051E185 /* Sources */ = {
			isa = PBXSourcesBuildPhase;
			buildActionMask = 2147483647;
			files = (
				50CF0C3728E6DBF70051E185 /* SchreibtischApp.swift in Sources */,
				50CF0C3928E6DC130051E185 /* SerialHandler.swift in Sources */,
				50CF0C2D28E6DB830051E185 /* PresetButton.swift in Sources */,
				50CF0C3328E6DBE80051E185 /* Desk.swift in Sources */,
				50CF0C2F28E6DB830051E185 /* ArrowButton.swift in Sources */,
				50CF0C2E28E6DB830051E185 /* ContentView.swift in Sources */,
				50CF0C2C28E6DB830051E185 /* SettingsView.swift in Sources */,
			);
			runOnlyForDeploymentPostprocessing = 0;
		};
/* End PBXSourcesBuildPhase section */

/* Begin XCBuildConfiguration section */
		50CF0C0128E6D9080051E185 /* Debug */ = {
			isa = XCBuildConfiguration;
			buildSettings = {
				ALWAYS_SEARCH_USER_PATHS = NO;
				CLANG_ANALYZER_NONNULL = YES;
				CLANG_ANALYZER_NUMBER_OBJECT_CONVERSION = YES_AGGRESSIVE;
				CLANG_CXX_LANGUAGE_STANDARD = "gnu++17";
				CLANG_CXX_LIBRARY = "libc++";
				CLANG_ENABLE_MODULES = YES;
				CLANG_ENABLE_OBJC_ARC = YES;
				CLANG_ENABLE_OBJC_WEAK = YES;
				CLANG_WARN_BLOCK_CAPTURE_AUTORELEASING = YES;
				CLANG_WARN_BOOL_CONVERSION = YES;
				CLANG_WARN_COMMA = YES;
				CLANG_WARN_CONSTANT_CONVERSION = YES;
				CLANG_WARN_DEPRECATED_OBJC_IMPLEMENTATIONS = YES;
				CLANG_WARN_DIRECT_OBJC_ISA_USAGE = YES_ERROR;
				CLANG_WARN_DOCUMENTATION_COMMENTS = YES;
				CLANG_WARN_EMPTY_BODY = YES;
				CLANG_WARN_ENUM_CONVERSION = YES;
				CLANG_WARN_INFINITE_RECURSION = YES;
				CLANG_WARN_INT_CONVERSION = YES;
				CLANG_WARN_NON_LITERAL_NULL_CONVERSION = YES;
				CLANG_WARN_OBJC_IMPLICIT_RETAIN_SELF = YES;
				CLANG_WARN_OBJC_LITERAL_CONVERSION = YES;
				CLANG_WARN_OBJC_ROOT_CLASS = YES_ERROR;
				CLANG_WARN_QUOTED_INCLUDE_IN_FRAMEWORK_HEADER = YES;
				CLANG_WARN_RANGE_LOOP_ANALYSIS = YES;
				CLANG_WARN_STRICT_PROTOTYPES = YES;
				CLANG_WARN_SUSPICIOUS_MOVE = YES;
				CLANG_WARN_UNGUARDED_AVAILABILITY = YES_AGGRESSIVE;
				CLANG_WARN_UNREACHABLE_CODE = YES;
				CLANG_WARN__DUPLICATE_METHOD_MATCH = YES;
				COPY_PHASE_STRIP = NO;
				DEBUG_INFORMATION_FORMAT = dwarf;
				ENABLE_STRICT_OBJC_MSGSEND = YES;
				ENABLE_TESTABILITY = YES;
				GCC_C_LANGUAGE_STANDARD = gnu11;
				GCC_DYNAMIC_NO_PIC = NO;
				GCC_NO_COMMON_BLOCKS = YES;
				GCC_OPTIMIZATION_LEVEL = 0;
				GCC_PREPROCESSOR_DEFINITIONS = (
					"DEBUG=1",
					"$(inherited)",
				);
				GCC_WARN_64_TO_32_BIT_CONVERSION = YES;
				GCC_WARN_ABOUT_RETURN_TYPE = YES_ERROR;
				GCC_WARN_UNDECLARED_SELECTOR = YES;
				GCC_WARN_UNINITIALIZED_AUTOS = YES_AGGRESSIVE;
				GCC_WARN_UNUSED_FUNCTION = YES;
				GCC_WARN_UNUSED_VARIABLE = YES;
				MACOSX_DEPLOYMENT_TARGET = 12.0;
				MTL_ENABLE_DEBUG_INFO = INCLUDE_SOURCE;
				MTL_FAST_MATH = YES;
				ONLY_ACTIVE_ARCH = YES;
				SDKROOT = macosx;
				SWIFT_ACTIVE_COMPILATION_CONDITIONS = DEBUG;
				SWIFT_OPTIMIZATION_LEVEL = "-Onone";
			};
			name = Debug;
		};
		50CF0C0228E6D9080051E185 /* Release */ = {
			isa = XCBuildConfiguration;
			buildSettings = {
				ALWAYS_SEARCH_USER_PATHS = NO;
				CLANG_ANALYZER_NONNULL = YES;
				CLANG_ANALYZER_NUMBER_OBJECT_CONVERSION = YES_AGGRESSIVE;
				CLANG_CXX_LANGUAGE_STANDARD = "gnu++17";
				CLANG_CXX_LIBRARY = "libc++";
				CLANG_ENABLE_MODULES = YES;
				CLANG_ENABLE_OBJC_ARC = YES;
				CLANG_ENABLE_OBJC_WEAK = YES;
				CLANG_WARN_BLOCK_CAPTURE_AUTORELEASING = YES;
				CLANG_WARN_BOOL_CONVERSION = YES;
				CLANG_WARN_COMMA = YES;
				CLANG_WARN_CONSTANT_CONVERSION = YES;
				CLANG_WARN_DEPRECATED_OBJC_IMPLEMENTATIONS = YES;
				CLANG_WARN_DIRECT_OBJC_ISA_USAGE = YES_ERROR;
				CLANG_WARN_DOCUMENTATION_COMMENTS = YES;
				CLANG_WARN_EMPTY_BODY = YES;
				CLANG_WARN_ENUM_CONVERSION = YES;
				CLANG_WARN_INFINITE_RECURSION = YES;
				CLANG_WARN_INT_CONVERSION = YES;
				CLANG_WARN_NON_LITERAL_NULL_CONVERSION = YES;
				CLANG_WARN_OBJC_IMPLICIT_RETAIN_SELF = YES;
				CLANG_WARN_OBJC_LITERAL_CONVERSION = YES;
				CLANG_WARN_OBJC_ROOT_CLASS = YES_ERROR;
				CLANG_WARN_QUOTED_INCLUDE_IN_FRAMEWORK_HEADER = YES;
				CLANG_WARN_RANGE_LOOP_ANALYSIS = YES;
				CLANG_WARN_STRICT_PROTOTYPES = YES;
				CLANG_WARN_SUSPICIOUS_MOVE = YES;
				CLANG_WARN_UNGUARDED_AVAILABILITY = YES_AGGRESSIVE;
				CLANG_WARN_UNREACHABLE_CODE = YES;
				CLANG_WARN__DUPLICATE_METHOD_MATCH = YES;
				COPY_PHASE_STRIP = NO;
				DEBUG_INFORMATION_FORMAT = "dwarf-with-dsym";
				ENABLE_NS_ASSERTIONS = NO;
				ENABLE_STRICT_OBJC_MSGSEND = YES;
				GCC_C_LANGUAGE_STANDARD = gnu11;
				GCC_NO_COMMON_BLOCKS = YES;
				GCC_WARN_64_TO_32_BIT_CONVERSION = YES;
				GCC_WARN_ABOUT_RETURN_TYPE = YES_ERROR;
				GCC_WARN_UNDECLARED_SELECTOR = YES;
				GCC_WARN_UNINITIALIZED_AUTOS = YES_AGGRESSIVE;
				GCC_WARN_UNUSED_FUNCTION = YES;
				GCC_WARN_UNUSED_VARIABLE = YES;
				MACOSX_DEPLOYMENT_TARGET = 12.0;
				MTL_ENABLE_DEBUG_INFO = NO;
				MTL_FAST_MATH = YES;
				SDKROOT = macosx;
				SWIFT_COMPILATION_MODE = wholemodule;
				SWIFT_OPTIMIZATION_LEVEL = "-O";
			};
			name = Release;
		};
		50CF0C0428E6D9080051E185 /* Debug */ = {
			isa = XCBuildConfiguration;
			buildSettings = {
				ASSETCATALOG_COMPILER_APPICON_NAME = AppIcon;
				ASSETCATALOG_COMPILER_GLOBAL_ACCENT_COLOR_NAME = AccentColor;
				CODE_SIGN_ENTITLEMENTS = Schreibtisch/Schreibtisch.entitlements;
				CODE_SIGN_STYLE = Automatic;
				COMBINE_HIDPI_IMAGES = YES;
				CURRENT_PROJECT_VERSION = 1;
				DEVELOPMENT_ASSET_PATHS = "\"Schreibtisch/Preview Content\"";
				DEVELOPMENT_TEAM = 5UA78S9Q54;
				ENABLE_HARDENED_RUNTIME = YES;
				ENABLE_PREVIEWS = YES;
				GENERATE_INFOPLIST_FILE = YES;
				INFOPLIST_KEY_NSHumanReadableCopyright = "";
				LD_RUNPATH_SEARCH_PATHS = (
					"$(inherited)",
					"@executable_path/../Frameworks",
				);
				MACOSX_DEPLOYMENT_TARGET = 13.0;
				MARKETING_VERSION = 1.0;
				PRODUCT_BUNDLE_IDENTIFIER = de.max.Schreibtisch;
				PRODUCT_NAME = "$(TARGET_NAME)";
				SWIFT_EMIT_LOC_STRINGS = YES;
				SWIFT_VERSION = 5.0;
			};
			name = Debug;
		};
		50CF0C0528E6D9080051E185 /* Release */ = {
			isa = XCBuildConfiguration;
			buildSettings = {
				ASSETCATALOG_COMPILER_APPICON_NAME = AppIcon;
				ASSETCATALOG_COMPILER_GLOBAL_ACCENT_COLOR_NAME = AccentColor;
				CODE_SIGN_ENTITLEMENTS = Schreibtisch/Schreibtisch.entitlements;
				CODE_SIGN_STYLE = Automatic;
				COMBINE_HIDPI_IMAGES = YES;
				CURRENT_PROJECT_VERSION = 1;
				DEVELOPMENT_ASSET_PATHS = "\"Schreibtisch/Preview Content\"";
				DEVELOPMENT_TEAM = 5UA78S9Q54;
				ENABLE_HARDENED_RUNTIME = YES;
				ENABLE_PREVIEWS = YES;
				GENERATE_INFOPLIST_FILE = YES;
				INFOPLIST_KEY_NSHumanReadableCopyright = "";
				LD_RUNPATH_SEARCH_PATHS = (
					"$(inherited)",
					"@executable_path/../Frameworks",
				);
				MACOSX_DEPLOYMENT_TARGET = 13.0;
				MARKETING_VERSION = 1.0;
				PRODUCT_BUNDLE_IDENTIFIER = de.max.Schreibtisch;
				PRODUCT_NAME = "$(TARGET_NAME)";
				SWIFT_EMIT_LOC_STRINGS = YES;
				SWIFT_VERSION = 5.0;
			};
			name = Release;
		};
/* End XCBuildConfiguration section */

/* Begin XCConfigurationList section */
		50CF0BEF28E6D9060051E185 /* Build configuration list for PBXProject "Schreibtisch" */ = {
			isa = XCConfigurationList;
			buildConfigurations = (
				50CF0C0128E6D9080051E185 /* Debug */,
				50CF0C0228E6D9080051E185 /* Release */,
			);
			defaultConfigurationIsVisible = 0;
			defaultConfigurationName = Release;
		};
		50CF0C0328E6D9080051E185 /* Build configuration list for PBXNativeTarget "Schreibtisch" */ = {
			isa = XCConfigurationList;
			buildConfigurations = (
				50CF0C0428E6D9080051E185 /* Debug */,
				50CF0C0528E6D9080051E185 /* Release */,
			);
			defaultConfigurationIsVisible = 0;
			defaultConfigurationName = Release;
		};
/* End XCConfigurationList section */
	};
	rootObject = 50CF0BEC28E6D9060051E185 /* Project object */;
}
